
Microsoft Visual Studio Solution File, Format Version 12.00
# Visual Studio 15
Project("{FAE04EC0-301F-11D3-BF4B-00C04F79EFBC}") = "Assembly-CSharp", "Assembly-CSharp.csproj", "{B969F4DA-F37F-D031-9D08-773DCBDEB007}"
EndProject
Global
	GlobalSection(SolutionConfigurationPlatforms) = preSolution
		Debug|Any CPU = Debug|Any CPU
		Release|Any CPU = Release|Any CPU
	EndGlobalSection
	GlobalSection(ProjectConfigurationPlatforms) = postSolution
		{B969F4DA-F37F-D031-9D08-773DCBDEB007}.Debug|Any CPU.ActiveCfg = Debug|Any CPU
		{B969F4DA-F37F-D031-9D08-773DCBDEB007}.Debug|Any CPU.Build.0 = Debug|Any CPU
		{B969F4DA-F37F-D031-9D08-773DCBDEB007}.Release|Any CPU.ActiveCfg = Release|Any CPU
		{B969F4DA-F37F-D031-9D08-773DCBDEB007}.Release|Any CPU.Build.0 = Release|Any CPU
	EndGlobalSection
	GlobalSection(SolutionProperties) = preSolution
		HideSolutionNode = FALSE
	EndGlobalSection
EndGlobal
